
Microsoft Visual Studio Solution File, Format Version 12.00
# Visual Studio Version 16
VisualStudioVersion = 16.0.31321.278
MinimumVisualStudioVersion = 10.0.40219.1
Project("{FAE04EC0-301F-11D3-BF4B-00C04F79EFBC}") = "WebApplication4", "..\WebApplication4\WebApplication4\WebApplication4.csproj", "{F53DD771-8924-4317-B382-58C20A1991A5}"
EndProject
Global
	GlobalSection(SolutionConfigurationPlatforms) = preSolution
		Debug|Any CPU = Debug|Any CPU
		Release|Any CPU = Release|Any CPU
	EndGlobalSection
	GlobalSection(ProjectConfigurationPlatforms) = postSolution
		{F53DD771-8924-4317-B382-58C20A1991A5}.Debug|Any CPU.ActiveCfg = Debug|Any CPU
		{F53DD771-8924-4317-B382-58C20A1991A5}.Debug|Any CPU.Build.0 = Debug|Any CPU
		{F53DD771-8924-4317-B382-58C20A1991A5}.Release|Any CPU.ActiveCfg = Release|Any CPU
		{F53DD771-8924-4317-B382-58C20A1991A5}.Release|Any CPU.Build.0 = Release|Any CPU
	EndGlobalSection
	GlobalSection(SolutionProperties) = preSolution
		HideSolutionNode = FALSE
	EndGlobalSection
	GlobalSection(ExtensibilityGlobals) = postSolution
		SolutionGuid = {E82663BC-A0A0-4C43-A41F-CD1FAE8A465F}
	EndGlobalSection
EndGlobal
